
Microsoft Visual Studio Solution File, Format Version 12.00
# Visual Studio Version 16
VisualStudioVersion = 16.0.29409.12
MinimumVisualStudioVersion = 10.0.40219.1
Project("{FAE04EC0-301F-11D3-BF4B-00C04F79EFBC}") = "Lab 4 Dice Rolling", "Lab 4 Dice Rolling\Lab 4 Dice Rolling.csproj", "{ECD14DA2-7426-4ED7-92D5-B28F0C386087}"
EndProject
Global
	GlobalSection(SolutionConfigurationPlatforms) = preSolution
		Debug|Any CPU = Debug|Any CPU
		Release|Any CPU = Release|Any CPU
	EndGlobalSection
	GlobalSection(ProjectConfigurationPlatforms) = postSolution
		{ECD14DA2-7426-4ED7-92D5-B28F0C386087}.Debug|Any CPU.ActiveCfg = Debug|Any CPU
		{ECD14DA2-7426-4ED7-92D5-B28F0C386087}.Debug|Any CPU.Build.0 = Debug|Any CPU
		{ECD14DA2-7426-4ED7-92D5-B28F0C386087}.Release|Any CPU.ActiveCfg = Release|Any CPU
		{ECD14DA2-7426-4ED7-92D5-B28F0C386087}.Release|Any CPU.Build.0 = Release|Any CPU
	EndGlobalSection
	GlobalSection(SolutionProperties) = preSolution
		HideSolutionNode = FALSE
	EndGlobalSection
	GlobalSection(ExtensibilityGlobals) = postSolution
		SolutionGuid = {A7D812FA-9D58-48D0-B9B4-807319CFAAD4}
	EndGlobalSection
EndGlobal
